<?xml version="1.0" encoding="utf-8"?>
<Project ToolsVersion="4.0" xmlns="http://schemas.microsoft.com/developer/msbuild/2003">
  <ItemGroup>
    <Filter Include="Source Files">
      <UniqueIdentifier>{4FC737F1-C7A5-4376-A066-2A32D752A2FF}</UniqueIdentifier>
      <Extensions>cpp;c;cc;cxx;def;odl;idl;hpj;bat;asm;asmx</Extensions>
    </Filter>
    <Filter Include="shaders">
      <UniqueIdentifier>{5af434fd-e1b3-4cc3-8a91-7283d404c96a}</UniqueIdentifier>
    </Filter>
    <Filter Include="structs">
      <UniqueIdentifier>{2a28263b-3537-444d-8dd5-47cd022923b8}</UniqueIdentifier>
    </Filter>
    <Filter Include="engine">
      <UniqueIdentifier>{fd621a17-30dc-4caf-b6d5-3cc6a46a8231}</UniqueIdentifier>
    </Filter>
    <Filter Include="entities">
      <UniqueIdentifier>{7e68a5f8-b188-46b4-a562-a994d8e1705b}</UniqueIdentifier>
    </Filter>
  </ItemGroup>
  <ItemGroup>
    <ClCompile Include="main.cpp">
      <Filter>Source Files</Filter>
    </ClCompile>
    <ClCompile Include="entities\Light.cpp">
      <Filter>entities</Filter>
    </ClCompile>
    <ClCompile Include="engine\Sphere.cpp">
      <Filter>engine</Filter>
    </ClCompile>
    <ClCompile Include="engine\OGLGenVertexAttrbitutes.cpp">
      <Filter>engine</Filter>
    </ClCompile>
    <ClCompile Include="entities\Terrain.cpp">
      <Filter>entities</Filter>
    </ClCompile>
    <ClCompile Include="engine\OGLGenTexture.cpp">
      <Filter>engine</Filter>
    </ClCompile>
    <ClCompile Include="engine\LdrStbiWrapper.cpp">
      <Filter>engine</Filter>
    </ClCompile>
    <ClCompile Include="entities\SkyBox.cpp">
      <Filter>entities</Filter>
    </ClCompile>
    <ClCompile Include="engine\CameraFreeLook.cpp">
      <Filter>engine</Filter>
    </ClCompile>
    <ClCompile Include="engine\Heightmap.cpp">
      <Filter>engine</Filter>
    </ClCompile>
    <ClCompile Include="engine\Input.cpp">
      <Filter>engine</Filter>
    </ClCompile>
    <ClCompile Include="engine\LdrPGM.cpp">
      <Filter>engine</Filter>
    </ClCompile>
    <ClCompile Include="engine\RndrText.cpp">
      <Filter>engine</Filter>
    </ClCompile>
    <ClCompile Include="engine\Shader.cpp">
      <Filter>engine</Filter>
    </ClCompile>
    <ClCompile Include="engine\StateMachine.cpp">
      <Filter>engine</Filter>
    </ClCompile>
    <ClCompile Include="engine\SysOpenGLInit.cpp">
      <Filter>engine</Filter>
    </ClCompile>
    <ClCompile Include="engine\SysOpenGLSetting.cpp">
      <Filter>engine</Filter>
    </ClCompile>
    <ClCompile Include="engine\UserInput.cpp">
      <Filter>engine</Filter>
    </ClCompile>
  </ItemGroup>
  <ItemGroup>
    <ClInclude Include="entities\Light.h">
      <Filter>entities</Filter>
    </ClInclude>
    <ClInclude Include="engine\Sphere.h">
      <Filter>engine</Filter>
    </ClInclude>
    <ClInclude Include="engine\OGLGenVertexAttrbitutes.h">
      <Filter>engine</Filter>
    </ClInclude>
    <ClInclude Include="engine\OGLGenTexture.h">
      <Filter>engine</Filter>
    </ClInclude>
    <ClInclude Include="engine\LdrStbiWrapper.h">
      <Filter>engine</Filter>
    </ClInclude>
    <ClInclude Include="entities\SkyBox.h">
      <Filter>entities</Filter>
    </ClInclude>
    <ClInclude Include="engine\CameraFreeLook.h">
      <Filter>engine</Filter>
    </ClInclude>
    <ClInclude Include="engine\Heightmap.h">
      <Filter>engine</Filter>
    </ClInclude>
    <ClInclude Include="engine\Input.h">
      <Filter>engine</Filter>
    </ClInclude>
    <ClInclude Include="entities\Terrain.h">
      <Filter>entities</Filter>
    </ClInclude>
    <ClInclude Include="engine\LdrPGM.h">
      <Filter>engine</Filter>
    </ClInclude>
    <ClInclude Include="engine\RndrText.h">
      <Filter>engine</Filter>
    </ClInclude>
    <ClInclude Include="engine\Shader.h">
      <Filter>engine</Filter>
    </ClInclude>
    <ClInclude Include="structs\STImage.h">
      <Filter>structs</Filter>
    </ClInclude>
    <ClInclude Include="structs\STVertex.h">
      <Filter>structs</Filter>
    </ClInclude>
    <ClInclude Include="engine\StateMachine.h">
      <Filter>engine</Filter>
    </ClInclude>
    <ClInclude Include="engine\SysOpenGLInit.h">
      <Filter>engine</Filter>
    </ClInclude>
    <ClInclude Include="engine\SysOpenGLSetting.h">
      <Filter>engine</Filter>
    </ClInclude>
    <ClInclude Include="engine\UserInput.h">
      <Filter>engine</Filter>
    </ClInclude>
  </ItemGroup>
  <ItemGroup>
    <None Include="shaders\flat_terrain.frag">
      <Filter>shaders</Filter>
    </None>
    <None Include="shaders\flat_terrain.vert">
      <Filter>shaders</Filter>
    </None>
    <None Include="shaders\terrain.frag">
      <Filter>shaders</Filter>
    </None>
    <None Include="shaders\terrain.vert">
      <Filter>shaders</Filter>
    </None>
    <None Include="shaders\light.frag">
      <Filter>shaders</Filter>
    </None>
    <None Include="shaders\light.vert">
      <Filter>shaders</Filter>
    </None>
    <None Include="shaders\terrain_diffuse.frag">
      <Filter>shaders</Filter>
    </None>
    <None Include="shaders\terrain_diffuse.vert">
      <Filter>shaders</Filter>
    </None>
    <None Include="shaders\skybox.frag">
      <Filter>shaders</Filter>
    </None>
    <None Include="shaders\skybox.vert">
      <Filter>shaders</Filter>
    </None>
    <None Include="shaders\text.frag">
      <Filter>shaders</Filter>
    </None>
    <None Include="shaders\text.vert">
      <Filter>shaders</Filter>
    </None>
    <None Include="shaders\normals.frag">
      <Filter>shaders</Filter>
    </None>
    <None Include="shaders\normals.geo">
      <Filter>shaders</Filter>
    </None>
    <None Include="shaders\normals.vert">
      <Filter>shaders</Filter>
    </None>
  </ItemGroup>
</Project>